
Microsoft Visual Studio Solution File, Format Version 12.00
# Visual Studio 14
VisualStudioVersion = 14.0.23107.0
MinimumVisualStudioVersion = 10.0.40219.1
Project("{FAE04EC0-301F-11D3-BF4B-00C04F79EFBC}") = "CustomLogger", "CustomLogger\CustomLogger.csproj", "{FCF2041F-4309-463A-9881-DAF7402A15F1}"
EndProject
Project("{FAE04EC0-301F-11D3-BF4B-00C04F79EFBC}") = "CustomLoggerTest", "CustomLoggerTest\CustomLoggerTest.csproj", "{57355A8F-CA05-4F40-B132-174F2DF842B9}"
EndProject
Global
	GlobalSection(SolutionConfigurationPlatforms) = preSolution
		Debug|Any CPU = Debug|Any CPU
		Release|Any CPU = Release|Any CPU
	EndGlobalSection
	GlobalSection(ProjectConfigurationPlatforms) = postSolution
		{FCF2041F-4309-463A-9881-DAF7402A15F1}.Debug|Any CPU.ActiveCfg = Debug|Any CPU
		{FCF2041F-4309-463A-9881-DAF7402A15F1}.Debug|Any CPU.Build.0 = Debug|Any CPU
		{FCF2041F-4309-463A-9881-DAF7402A15F1}.Release|Any CPU.ActiveCfg = Release|Any CPU
		{FCF2041F-4309-463A-9881-DAF7402A15F1}.Release|Any CPU.Build.0 = Release|Any CPU
		{57355A8F-CA05-4F40-B132-174F2DF842B9}.Debug|Any CPU.ActiveCfg = Debug|Any CPU
		{57355A8F-CA05-4F40-B132-174F2DF842B9}.Debug|Any CPU.Build.0 = Debug|Any CPU
		{57355A8F-CA05-4F40-B132-174F2DF842B9}.Release|Any CPU.ActiveCfg = Release|Any CPU
		{57355A8F-CA05-4F40-B132-174F2DF842B9}.Release|Any CPU.Build.0 = Release|Any CPU
	EndGlobalSection
	GlobalSection(SolutionProperties) = preSolution
		HideSolutionNode = FALSE
	EndGlobalSection
EndGlobal
